# Generated by conda-lock.
# platform: osx-arm64
# input_hash: bb820a91d061d86639bd048e6a373ef366fde178962e6bb91e4be340d4b8546c

channels:
  - conda-forge
dependencies:
name: esm-ws-25-26
  - _python_abi3_support=1.0=hd8ed1ab_2
  - accessible-pygments=0.0.5=pyhd8ed1ab_1
  - adwaita-icon-theme=49.0=unix_0
  - affine=2.4.0=pyhd8ed1ab_1
  - alabaster=0.7.16=pyhd8ed1ab_0
  - anyio=4.11.0=pyhcf101f3_0
  - aom=3.9.1=h7bae524_0
  - appnope=0.1.4=pyhd8ed1ab_1
  - argon2-cffi=25.1.0=pyhd8ed1ab_0
  - argon2-cffi-bindings=25.1.0=py312h4409184_1
  - arrow=1.4.0=pyhcf101f3_0
  - asttokens=3.0.0=pyhd8ed1ab_1
  - async-lru=2.0.5=pyh29332c3_0
  - atk-1.0=2.38.0=hd03087b_2
  - atlite=0.4.1=pyhd8ed1ab_1
  - attrs=25.4.0=pyh71513ae_0
  - aws-c-auth=0.9.1=h41ebd0a_3
  - aws-c-cal=0.9.2=hd08b81e_1
  - aws-c-common=0.12.4=h6caf38d_0
  - aws-c-compression=0.3.1=habbe1e8_6
  - aws-c-event-stream=0.5.6=hf65d68d_3
  - aws-c-http=0.10.4=h70a9c10_3
  - aws-c-io=0.22.0=h89d1e94_1
  - aws-c-mqtt=0.13.3=he7b126b_6
  - aws-c-s3=0.8.6=h7a3c519_5
  - aws-c-sdkutils=0.2.4=habbe1e8_1
  - aws-checksums=0.2.7=habbe1e8_2
  - aws-crt-cpp=0.34.4=h01415d0_0
  - aws-sdk-cpp=1.11.606=h2169b1b_4
  - azure-core-cpp=1.16.0=h88fedcc_1
  - azure-identity-cpp=1.12.0=hd83eed2_0
  - azure-storage-blobs-cpp=12.14.0=he094cc7_1
  - azure-storage-common-cpp=12.10.0=h2155cda_3
  - azure-storage-files-datalake-cpp=12.12.0=h30213e0_3
  - babel=2.17.0=pyhd8ed1ab_0
  - beautifulsoup4=4.14.2=pyha770c72_0
  - bleach=6.2.0=pyh29332c3_4
  - bleach-with-css=6.2.0=h82add2a_4
  - blosc=1.21.6=h7dd00d9_1
  - bokeh=3.8.0=pyhd8ed1ab_0
  - bottleneck=1.6.0=py312ha11c99a_1
  - branca=0.8.2=pyhd8ed1ab_0
  - brotli=1.1.0=h6caf38d_4
  - brotli-bin=1.1.0=h6caf38d_4
  - brotli-python=1.1.0=py312h6b01ec3_4
  - brunsli=0.1=h97083b6_1
  - bzip2=1.0.8=hd037594_8
  - c-ares=1.34.5=h5505292_0
  - c-blosc2=2.21.3=hb5916c8_0
  - ca-certificates=2025.10.5=hbd8a1cb_0
  - cached-property=1.5.2=hd8ed1ab_1
  - cached_property=1.5.2=pyha770c72_1
  - cairo=1.18.4=h6a3b0d2_0
  - cartopy=0.25.0=py312h5978115_1
  - cdsapi=0.7.7=pyhd8ed1ab_0
  - certifi=2025.10.5=pyhd8ed1ab_0
  - cffi=2.0.0=py312hb65edc0_0
  - cfgrib=0.9.15.1=pyhd8ed1ab_0
  - cfgv=3.3.1=pyhd8ed1ab_1
  - cftime=1.6.4=py312hc7121bb_2
  - charls=2.4.2=h13dd4ca_0
  - charset-normalizer=3.4.4=pyhd8ed1ab_0
  - click=8.3.0=pyh707e725_0
  - click-plugins=1.1.1.2=pyhd8ed1ab_0
  - cligj=0.7.2=pyhd8ed1ab_2
  - cloudpickle=3.1.1=pyhd8ed1ab_0
  - colorama=0.4.6=pyhd8ed1ab_1
  - colorcet=3.1.0=pyhd8ed1ab_1
  - comm=0.2.3=pyhe01879c_0
  - contourpy=1.3.3=py312ha0dd364_2
  - country_converter=1.3.1=pyhd8ed1ab_0
  - cpython=3.12.12=py312hd8ed1ab_0
  - cycler=0.12.1=pyhd8ed1ab_1
  - cytoolz=1.1.0=py312h4409184_1
  - dask=2025.10.0=pyhcf101f3_0
  - dask-core=2025.10.0=pyhcf101f3_0
  - datashader=0.18.2=pyhd8ed1ab_0
  - dav1d=1.2.1=hb547adb_0
  - debugpy=1.8.17=py312h56d30c9_0
  - decorator=5.2.1=pyhd8ed1ab_0
  - defusedxml=0.7.1=pyhd8ed1ab_0
  - deprecation=2.1.0=pyh9f0ad1d_0
  - distlib=0.4.0=pyhd8ed1ab_0
  - distributed=2025.10.0=pyhcf101f3_0
  - docutils=0.21.2=pyhd8ed1ab_1
  - eccodes=2.44.0=h6f4dcf9_0
  - ecmwf-datastores-client=0.4.0=pyhd8ed1ab_0
  - entsoe-py=0.7.7=pyhd8ed1ab_0
  - epoxy=1.5.10=hc919400_2
  - et_xmlfile=2.0.0=pyhd8ed1ab_1
  - exceptiongroup=1.3.0=pyhd8ed1ab_0
  - executing=2.2.1=pyhd8ed1ab_0
  - filelock=3.20.0=pyhd8ed1ab_0
  - findlibs=0.1.2=pyhd8ed1ab_0
  - folium=0.20.0=pyhd8ed1ab_0
  - font-ttf-dejavu-sans-mono=2.37=hab24e00_0
  - font-ttf-inconsolata=3.000=h77eed37_0
  - font-ttf-source-code-pro=2.038=h77eed37_0
  - font-ttf-ubuntu=0.83=h77eed37_3
  - fontconfig=2.15.0=h1383a14_1
  - fonts-conda-ecosystem=1=0
  - fonts-conda-forge=1=0
  - fonttools=4.60.1=py312h5748b74_0
  - fqdn=1.5.1=pyhd8ed1ab_1
  - freetype=2.14.1=hce30654_0
  - freexl=2.0.0=h3ab3353_2
  - fribidi=1.0.16=hc919400_0
  - fsspec=2025.9.0=pyhd8ed1ab_0
  - gdk-pixbuf=2.44.3=h7542897_0
  - geographiclib=2.1=pyhd8ed1ab_0
  - geojson=3.2.0=pyhd8ed1ab_0
  - geopandas=1.1.1=pyhd8ed1ab_1
  - geopandas-base=1.1.1=pyha770c72_1
  - geopy=2.4.1=pyhd8ed1ab_2
  - geos=3.14.0=h4bcf65f_0
  - geotiff=1.7.4=hf862be1_4
  - geoviews=1.14.1=hd8ed1ab_0
  - geoviews-core=1.14.1=pyha770c72_0
  - gflags=2.2.2=hf9b8971_1005
  - ghp-import=2.1.0=pyhd8ed1ab_2
  - giflib=5.2.2=h93a5062_0
  - glib-tools=2.86.0=hb9d6e3a_0
  - glog=0.7.1=heb240a5_0
  - graphite2=1.3.14=hec049ff_2
  - graphviz=13.1.2=hcd33d8b_0
  - greenlet=3.2.4=py312h6b01ec3_1
  - gtk3=3.24.43=he7bb075_4
  - gts=0.7.6=he42f4ea_4
  - h11=0.16.0=pyhd8ed1ab_0
  - h2=4.3.0=pyhcf101f3_0
  - h5netcdf=1.7.2=pyhd8ed1ab_0
  - h5py=3.15.1=nompi_py312h4eecd6b_100
  - harfbuzz=12.1.0=haf38c7b_0
  - hdf4=4.2.15=h2ee6834_7
  - hdf5=1.14.6=nompi_he65715a_103
  - hicolor-icon-theme=0.17=hce30654_2
  - holoviews=1.21.0=pyhd8ed1ab_0
  - hpack=4.1.0=pyhd8ed1ab_0
  - httpcore=1.0.9=pyh29332c3_0
  - httpx=0.28.1=pyhd8ed1ab_0
  - hvplot=0.12.1=pyhd8ed1ab_0
  - hyperframe=6.1.0=pyhd8ed1ab_0
  - icu=75.1=hfee45f7_0
  - identify=2.6.15=pyhd8ed1ab_0
  - idna=3.11=pyhd8ed1ab_0
  - imagecodecs=2025.8.2=py312h8d74250_4
  - imageio=2.37.0=pyhfb79c49_0
  - imagesize=1.4.1=pyhd8ed1ab_0
  - importlib-metadata=8.7.0=pyhe01879c_1
  - iniconfig=2.3.0=pyhd8ed1ab_0
  - ipykernel=7.0.1=pyh5552912_0
  - ipython=9.6.0=pyhfa0c392_0
  - ipython_pygments_lexers=1.1.1=pyhd8ed1ab_0
  - isoduration=20.11.0=pyhd8ed1ab_1
  - jasper=4.2.8=hc0e5025_0
  - jedi=0.19.2=pyhd8ed1ab_1
  - jinja2=3.1.6=pyhd8ed1ab_0
  - joblib=1.5.2=pyhd8ed1ab_0
  - json-c=0.18=he4178ee_0
  - json5=0.12.1=pyhd8ed1ab_0
  - jsonpointer=3.0.0=py312h81bd7bf_2
  - jsonschema=4.25.1=pyhe01879c_0
  - jsonschema-specifications=2025.9.1=pyhcf101f3_0
  - jsonschema-with-format-nongpl=4.25.1=he01879c_0
  - jupyter-book=1.0.4.post1=pyh29332c3_0
  - jupyter-cache=1.0.1=pyhff2d567_0
  - jupyter-lsp=2.3.0=pyhcf101f3_0
  - jupyter_client=8.6.3=pyhd8ed1ab_1
  - jupyter_core=5.9.1=pyhc90fa1f_0
  - jupyter_events=0.12.0=pyh29332c3_0
  - jupyter_server=2.17.0=pyhcf101f3_0
  - jupyter_server_terminals=0.5.3=pyhd8ed1ab_1
  - jupyterlab=4.4.9=pyhd8ed1ab_0
  - jupyterlab_pygments=0.3.0=pyhd8ed1ab_2
  - jupyterlab_server=2.27.3=pyhd8ed1ab_1
  - jxrlib=1.1=h93a5062_3
  - kiwisolver=1.4.9=py312hdc12c9d_1
  - krb5=1.21.3=h237132a_0
  - lark=1.3.0=pyhd8ed1ab_0
  - latexcodec=2.0.1=pyh9f0ad1d_0
  - lazy-loader=0.4=pyhd8ed1ab_2
  - lcms2=2.17=h7eeda09_0
  - lerc=4.0.0=hd64df32_1
  - libabseil=20250512.1=cxx17_hd41c47c_0
  - libaec=1.1.4=h51d1e36_0
  - libarchive=3.8.2=gpl_h46575ef_100
  - libarrow=21.0.0=hd43feaf_8_cpu
  - libarrow-acero=21.0.0=hc317990_8_cpu
  - libarrow-compute=21.0.0=h75845d1_8_cpu
  - libarrow-dataset=21.0.0=hc317990_8_cpu
  - libarrow-substrait=21.0.0=h144af7f_8_cpu
  - libavif16=1.3.0=hb06b76e_2
  - libblas=3.9.0=37_h51639a9_openblas
  - libbrotlicommon=1.1.0=h6caf38d_4
  - libbrotlidec=1.1.0=h6caf38d_4
  - libbrotlienc=1.1.0=h6caf38d_4
  - libcblas=3.9.0=37_hb0561ab_openblas
  - libcrc32c=1.1.2=hbdafb3b_0
  - libcurl=8.16.0=hdece5d2_0
  - libcxx=21.1.4=hf598326_0
  - libdeflate=1.24=h5773f1b_0
  - libedit=3.1.20250104=pl5321hafb1f1b_0
  - libev=4.33=h93a5062_2
  - libevent=2.1.12=h2757513_1
  - libexpat=2.7.1=hec049ff_0
  - libffi=3.4.6=h1da3d7d_1
  - libfreetype=2.14.1=hce30654_0
  - libfreetype6=2.14.1=h6da58f4_0
  - libgd=2.3.3=hb2c3a21_11
  - libgdal-core=3.10.3=h3632e40_22
  - libgdal-hdf4=3.10.3=he522aa2_22
  - libgdal-hdf5=3.10.3=hdacffec_22
  - libgdal-netcdf=3.10.3=h1c3283e_22
  - libgfortran=15.2.0=hfcf01ff_1
  - libgfortran5=15.2.0=h742603c_1
  - libglib=2.86.0=h1bb475b_0
  - libgoogle-cloud=2.39.0=head0a95_0
  - libgoogle-cloud-storage=2.39.0=hfa3a374_0
  - libgrpc=1.73.1=hcdac78c_0
  - libhwy=1.3.0=h48b13b8_1
  - libiconv=1.18=h23cfdf5_2
  - libintl=0.25.1=h493aca8_0
  - libjpeg-turbo=3.1.0=h5505292_0
  - libjxl=0.11.1=h7274d02_4
  - libkml=1.3.0=he250239_1021
  - liblapack=3.9.0=37_hd9741b5_openblas
  - liblzma=5.8.1=h39f12f2_2
  - libnetcdf=4.9.3=nompi_h80c4520_103
  - libnghttp2=1.67.0=hc438710_0
  - libopenblas=0.3.30=openmp_ha158390_2
  - libopentelemetry-cpp=1.21.0=he15edb5_1
  - libopentelemetry-cpp-headers=1.21.0=hce30654_1
  - libparquet=21.0.0=h45c8936_8_cpu
  - libpng=1.6.50=h280e0eb_1
  - libprotobuf=6.31.1=h658db43_2
  - libre2-11=2025.08.12=h91c62da_1
  - librsvg=2.60.0=h5c55ec3_0
  - librttopo=1.1.0=hf7cb3ef_19
  - libsodium=1.0.20=h99b78c6_0
  - libspatialite=5.1.0=gpl_he9e465b_118
  - libsqlite=3.50.4=h4237e3c_0
  - libssh2=1.11.1=h1590b86_0
  - libthrift=0.22.0=h14a376c_1
  - libtiff=4.7.1=h7dc4979_0
  - libutf8proc=2.11.0=hc25f550_0
  - libwebp-base=1.6.0=h07db88b_0
  - libxcb=1.17.0=hdb1d25a_0
  - libxml2=2.15.1=h9329255_0
  - libxml2-16=2.15.1=h0ff4647_0
  - libxml2-devel=2.15.1=h9329255_0
  - libxslt=1.1.43=hb2570ba_1
  - libzip=1.11.2=h1336266_0
  - libzlib=1.3.1=h8359307_2
  - libzopfli=1.0.3=h9f76cd9_0
  - linkify-it-py=2.0.3=pyhd8ed1ab_1
  - llvm-openmp=21.1.3=h4a912ad_0
  - llvmlite=0.45.1=py312hc82e5dd_0
  - locket=1.0.0=pyhd8ed1ab_0
  - looseversion=1.3.0=pyhd8ed1ab_0
  - lxml=6.0.2=py312h447b5cf_1
  - lz4=4.4.4=py312hb64cbc0_1
  - lz4-c=1.10.0=h286801f_1
  - lzo=2.10=h925e9cb_1002
  - mapclassify=2.10.0=pyhd8ed1ab_1
  - markdown=3.9=pyhd8ed1ab_0
  - markdown-it-py=3.0.0=pyhd8ed1ab_1
  - markupsafe=3.0.3=py312h5748b74_0
  - matplotlib=3.10.7=py312h1f38498_0
  - matplotlib-base=3.10.7=py312h605b88b_0
  - matplotlib-inline=0.1.7=pyhd8ed1ab_1
  - mdit-py-plugins=0.5.0=pyhd8ed1ab_0
  - mdurl=0.1.2=pyhd8ed1ab_1
  - minizip=4.0.10=hff1a8ea_0
  - mistune=3.1.4=pyhcf101f3_0
  - msgpack-python=1.1.2=py312h84eede6_0
  - multipledispatch=0.6.0=pyhd8ed1ab_1
  - multiurl=0.3.7=pyhd8ed1ab_0
  - munkres=1.1.4=pyhd8ed1ab_1
  - myst-nb=1.3.0=pyhe01879c_0
  - myst-parser=3.0.1=pyhd8ed1ab_0
  - narwhals=2.9.0=pyhcf101f3_0
  - nbclient=0.10.2=pyhd8ed1ab_0
  - nbconvert-core=7.16.6=pyhcf101f3_1
  - nbformat=5.10.4=pyhd8ed1ab_1
  - ncurses=6.5=h5e97a16_3
  - nest-asyncio=1.6.0=pyhd8ed1ab_1
  - netcdf4=1.7.3=nompi_py312h947358d_100
  - networkx=3.5=pyhe01879c_0
  - nlohmann_json=3.12.0=h248ca61_1
  - nodeenv=1.9.1=pyhd8ed1ab_1
  - notebook-shim=0.2.4=pyhd8ed1ab_1
  - numba=0.62.1=py312hd24c766_0
  - numexpr=2.14.1=py312h3de7d89_0
  - numpy=2.3.3=py312h85ea64e_0
  - openjdk=24.0.2=had54fb3_0
  - openjpeg=2.5.4=hbfb3c88_0
  - openpyxl=3.1.5=py312h4fb2c50_2
  - openssl=3.5.4=h5503f6c_0
  - orc=2.2.1=h4fd0076_0
  - overrides=7.7.0=pyhd8ed1ab_1
  - packaging=25.0=pyh29332c3_1
  - pandas=2.3.3=py312h5978115_1
  - pandocfilters=1.5.0=pyhd8ed1ab_0
  - panel=1.8.2=pyhd8ed1ab_0
  - pango=1.56.4=h875632e_0
  - param=2.2.1=pyhd8ed1ab_0
  - parso=0.8.5=pyhcf101f3_0
  - partd=1.4.2=pyhd8ed1ab_0
  - patsy=1.0.2=pyhcf101f3_0
  - pcre2=10.46=h7125dd6_0
  - pexpect=4.9.0=pyhd8ed1ab_1
  - pickleshare=0.7.5=pyhd8ed1ab_1004
  - pillow=11.3.0=py312h2525f64_3
  - pip=25.2=pyh8b19718_0
  - pixman=0.46.4=h81086ad_1
  - platformdirs=4.5.0=pyhcf101f3_0
  - plotly=6.3.1=pyhd8ed1ab_0
  - pluggy=1.6.0=pyhd8ed1ab_0
  - ply=3.11=pyhd8ed1ab_3
  - powerplantmatching=0.7.1=pyhd8ed1ab_0
  - pre-commit=4.3.0=pyha770c72_0
  - progressbar2=4.5.0=pyhd8ed1ab_1
  - proj=9.7.0=hf83150c_0
  - prometheus-cpp=1.3.0=h0967b3e_0
  - prometheus_client=0.23.1=pyhd8ed1ab_0
  - prompt-toolkit=3.0.52=pyha770c72_0
  - psutil=7.1.1=py312h4409184_0
  - pthread-stubs=0.4=hd74edd7_1002
  - ptyprocess=0.7.0=pyhd8ed1ab_1
  - pure_eval=0.2.3=pyhd8ed1ab_1
  - py-cpuinfo=9.0.0=pyhd8ed1ab_1
  - pyarrow=21.0.0=py312h1f38498_1
  - pyarrow-core=21.0.0=py312hea229ce_1_cpu
  - pybtex=0.25.1=pyhd8ed1ab_0
  - pybtex-docutils=1.0.3=py312h81bd7bf_3
  - pycountry=24.6.1=pyhd8ed1ab_0
  - pycparser=2.22=pyh29332c3_1
  - pyct=0.6.0=pyhd8ed1ab_0
  - pydata-sphinx-theme=0.15.4=pyhd8ed1ab_0
  - pyepsg=0.4.0=pyhd8ed1ab_1
  - pygments=2.19.2=pyhd8ed1ab_0
  - pyobjc-core=12.0=py312h58217c4_0
  - pyobjc-framework-cocoa=12.0=py312hbad3f7d_0
  - pyogrio=0.11.0=py312hfd5e53c_0
  - pyomo=6.9.5=py312h455b684_0
  - pyparsing=3.2.5=pyhcf101f3_0
  - pyproj=3.7.2=py312h66ed876_2
  - pysheds=0.5=py312hc7121bb_2
  - pyshp=3.0.2=pyhd8ed1ab_0
  - pysocks=1.7.1=pyha55dd90_7
  - pytables=3.10.2=py312hc3f5fac_9
  - pytest=8.4.2=pyhd8ed1ab_0
  - python=3.12.12=hec0b533_0_cpython
  - python-dateutil=2.9.0.post0=pyhe01879c_2
  - python-eccodes=2.44.0=py312ha11c99a_1
  - python-fastjsonschema=2.21.2=pyhe01879c_0
  - python-gil=3.12.12=hd8ed1ab_0
  - python-json-logger=2.0.7=pyhd8ed1ab_0
  - python-tzdata=2025.2=pyhd8ed1ab_0
  - python-utils=3.9.1=pyhff2d567_1
  - python_abi=3.12=8_cp312
  - pytz=2025.2=pyhd8ed1ab_0
  - pyviz_comms=3.0.6=pyhd8ed1ab_0
  - pywavelets=1.9.0=py312hc7121bb_1
  - pyxlsb=1.0.10=pyhd8ed1ab_0
  - pyyaml=6.0.3=py312h5748b74_0
  - pyzmq=27.1.0=py312hd65ceae_0
  - qhull=2020.2=h420ef59_5
  - rasterio=1.4.3=py312h129b95a_3
  - rav1e=0.7.1=h0716509_3
  - re2=2025.08.12=h64b956e_1
  - readline=8.2=h1d1bf99_2
  - referencing=0.37.0=pyhcf101f3_0
  - requests=2.32.5=pyhd8ed1ab_0
  - rfc3339-validator=0.1.4=pyhd8ed1ab_1
  - rfc3986-validator=0.1.1=pyh9f0ad1d_0
  - rfc3987-syntax=1.1.0=pyhe01879c_1
  - rpds-py=0.27.1=py312h6f58b40_1
  - scikit-image=0.25.2=py312h5978115_2
  - scikit-learn=1.7.2=py312h79e0ffc_0
  - scipy=1.16.2=py312ha6bbf71_0
  - seaborn=0.13.2=hd8ed1ab_3
  - seaborn-base=0.13.2=pyhd8ed1ab_3
  - send2trash=1.8.3=pyh31c8845_1
  - setuptools=80.9.0=pyhff2d567_0
  - setuptools-scm=9.2.2=pyhd8ed1ab_0
  - setuptools_scm=9.2.2=hd8ed1ab_0
  - shapely=2.1.2=py312h08b294e_0
  - six=1.17.0=pyhe01879c_1
  - snappy=1.2.2=hd121638_0
  - sniffio=1.3.1=pyhd8ed1ab_1
  - snowballstemmer=3.0.1=pyhd8ed1ab_0
  - snuggs=1.4.7=pyhd8ed1ab_2
  - sortedcontainers=2.4.0=pyhd8ed1ab_1
  - soupsieve=2.8=pyhd8ed1ab_0
  - sphinx=7.4.7=pyhd8ed1ab_0
  - sphinx-book-theme=1.1.4=pyh29332c3_0
  - sphinx-comments=0.0.3=pyhd8ed1ab_1
  - sphinx-copybutton=0.5.2=pyhd8ed1ab_1
  - sphinx-design=0.6.1=pyhd8ed1ab_2
  - sphinx-external-toc=1.0.1=pyhd8ed1ab_1
  - sphinx-jupyterbook-latex=1.0.0=pyhd8ed1ab_1
  - sphinx-multitoc-numbering=0.1.3=pyhd8ed1ab_1
  - sphinx-thebe=0.3.1=pyhd8ed1ab_1
  - sphinx-togglebutton=0.3.2=pyhd8ed1ab_0
  - sphinxcontrib-applehelp=2.0.0=pyhd8ed1ab_1
  - sphinxcontrib-bibtex=2.6.5=pyhd8ed1ab_0
  - sphinxcontrib-devhelp=2.0.0=pyhd8ed1ab_1
  - sphinxcontrib-htmlhelp=2.1.0=pyhd8ed1ab_1
  - sphinxcontrib-jsmath=1.0.1=pyhd8ed1ab_1
  - sphinxcontrib-qthelp=2.0.0=pyhd8ed1ab_1
  - sphinxcontrib-serializinghtml=1.1.10=pyhd8ed1ab_1
  - sqlalchemy=2.0.44=py312h4409184_0
  - sqlite=3.50.4=hb5dd463_0
  - stack_data=0.6.3=pyhd8ed1ab_1
  - statsmodels=0.14.5=py312ha11c99a_1
  - svt-av1=3.1.2=h12ba402_0
  - tabula-py=2.7.0=py312h81bd7bf_1
  - tabulate=0.9.0=pyhd8ed1ab_2
  - tblib=3.1.0=pyhd8ed1ab_0
  - terminado=0.18.1=pyh31c8845_0
  - threadpoolctl=3.6.0=pyhecae5ae_0
  - tifffile=2025.10.16=pyhd8ed1ab_0
  - tinycss2=1.4.0=pyhd8ed1ab_0
  - tk=8.6.13=h892fb3f_2
  - tomli=2.3.0=pyhcf101f3_0
  - toolz=1.1.0=pyhd8ed1ab_1
  - tornado=6.5.2=py312h163523d_1
  - tqdm=4.67.1=pyhd8ed1ab_1
  - traitlets=5.14.3=pyhd8ed1ab_1
  - typing-extensions=4.15.0=h396c80c_0
  - typing_extensions=4.15.0=pyhcf101f3_0
  - typing_utils=0.1.0=pyhd8ed1ab_1
  - tzdata=2025b=h78e105d_0
  - uc-micro-py=1.0.3=pyhd8ed1ab_1
  - ukkonen=1.0.1=py312h6142ec9_5
  - unicodedata2=16.0.0=py312h163523d_1
  - unidecode=1.3.8=pyh29332c3_1
  - uri-template=1.3.0=pyhd8ed1ab_1
  - uriparser=0.9.8=h00cdb27_0
  - urllib3=2.5.0=pyhd8ed1ab_0
  - virtualenv=20.35.3=pyhd8ed1ab_0
  - wcwidth=0.2.14=pyhd8ed1ab_0
  - webcolors=24.11.1=pyhd8ed1ab_0
  - webencodings=0.5.1=pyhd8ed1ab_3
  - websocket-client=1.9.0=pyhd8ed1ab_0
  - wheel=0.45.1=pyhd8ed1ab_1
  - xarray=2025.10.1=pyhd8ed1ab_0
  - xerces-c=3.2.5=h92fc2f4_2
  - xlrd=2.0.2=pyhd8ed1ab_0
  - xorg-libxau=1.0.12=h5505292_0
  - xorg-libxdmcp=1.1.5=hd74edd7_0
  - xyzservices=2025.4.0=pyhd8ed1ab_0
  - yaml=0.2.5=h925e9cb_3
  - zeromq=4.3.5=h888dc83_9
  - zfp=1.0.1=hfd287c0_3
  - zict=3.0.0=pyhd8ed1ab_1
  - zipp=3.23.0=pyhd8ed1ab_0
  - zlib=1.3.1=h8359307_2
  - zlib-ng=2.2.5=hf787086_0
  - zstandard=0.25.0=py312h37e1c23_0
  - zstd=1.5.7=h6491c7d_2
  - pip:
      - cachetools == 6.2.1 --hash=sha256:09868944b6dde876dfd44e1d47e18484541eaf12f26f29b7af91b26cc892d701
      - google-api-core == 2.26.0 --hash=sha256:2b204bd0da2c81f918e3582c48458e24c11771f987f6258e6e227212af78f3ed
      - google-auth == 2.41.1 --hash=sha256:754843be95575b9a19c604a848a41be03f7f2afd8c019f716dc1f51ee41c639d
      - google-cloud-core == 2.4.3 --hash=sha256:5130f9f4c14b4fafdff75c79448f9495cfade0d8775facf1b09c3bf67e027f6e
      - google-cloud-storage == 3.4.1 --hash=sha256:972764cc0392aa097be8f49a5354e22eb47c3f62370067fb1571ffff4a1c1189
      - google-crc32c == 1.7.1 --hash=sha256:2d73a68a653c57281401871dd4aeebbb6af3191dcac751a76ce430df4d403194
      - google-resumable-media == 2.7.2 --hash=sha256:3ce7551e9fe6d99e9a126101d2536612bb73486721951e9562fee0f90c6ababa
      - googleapis-common-protos == 1.71.0 --hash=sha256:59034a1d849dc4d18971997a72ac56246570afdd17f9369a0ff68218d50ab78c
      - highspy == 1.11.0 --hash=sha256:20a3adf8820a5f7a9cee6fc76df625e651ecfd8b5898af2a77042e79269ce0bc
      - levenshtein == 0.27.1 --hash=sha256:f09cfab6387e9c908c7b37961c045e8e10eb9b7ec4a700367f8e080ee803a562
      - linopy == 0.5.7 --hash=sha256:ec2d426598aafd5e3a970c2129eaa525a93c789dd8330fd1e5daeedbe5aee322
      - polars == 1.34.0 --hash=sha256:40d2f357b4d9e447ad28bd2c9923e4318791a7c18eb68f31f1fbf11180f41391
      - polars-runtime-32 == 1.34.0 --hash=sha256:fbc329c7d34a924228cc5dcdbbd4696d94411a3a5b15ad8bb868634c204e1951
      - proto-plus == 1.26.1 --hash=sha256:13285478c2dcf2abb829db158e1047e2f1e8d63a077d94263c2b88b043c75a66
      - protobuf == 6.33.0 --hash=sha256:905b07a65f1a4b72412314082c7dbfae91a9e8b68a0cc1577515f8df58ecf455
      - pyasn1 == 0.6.1 --hash=sha256:0d632f46f2ba09143da3a8afe9e33fb6f92fa2320ab7e886e2d0f7672af84629
      - pyasn1-modules == 0.4.2 --hash=sha256:29253a9207ce32b64c3ac6600edc75368f98473906e8fd1043bd6b5b1de2c14a
      - pydeck == 0.9.1 --hash=sha256:b3f75ba0d273fc917094fa61224f3f6076ca8752b93d46faf3bcfd9f9d59b038
      - pypsa == 1.0.1 --hash=sha256:ef9514b4880ba84082c3bdf6cc2685bf589661b221beed5328d89036b8c38066
      - rapidfuzz == 3.14.1 --hash=sha256:0afcf2d6cb633d0d4260d8df6a40de2d9c93e9546e2c6b317ab03f89aa120ad7
      - rsa == 4.9.1 --hash=sha256:68635866661c6836b8d39430f97a996acbd61bfa49406748ea243539fe239762
      - shapely == 2.0.7 --hash=sha256:5aed1c6764f51011d69a679fdf6b57e691371ae49ebe28c3edb5486537ffbd51
      - validators == 0.35.0 --hash=sha256:e8c947097eae7892cb3d26868d637f79f47b4a0554bc6b80065dfe5aac3705dd
      - xarray == 2025.9.0 --hash=sha256:79f0e25fb39571f612526ee998ee5404d8725a1db3951aabffdb287388885df0
