# Generated by conda-lock.
# platform: osx-64
# input_hash: 14b1b03def61fd981be0f98b87a7ba388df290ff65144cbda17467ddc7ad5f93

channels:
  - conda-forge
dependencies:
name: esm-ws-25-26
  - _python_abi3_support=1.0=hd8ed1ab_2
  - accessible-pygments=0.0.5=pyhd8ed1ab_1
  - adwaita-icon-theme=49.0=unix_0
  - affine=2.4.0=pyhd8ed1ab_1
  - alabaster=0.7.16=pyhd8ed1ab_0
  - anyio=4.11.0=pyhcf101f3_0
  - aom=3.9.1=hf036a51_0
  - appnope=0.1.4=pyhd8ed1ab_1
  - argon2-cffi=25.1.0=pyhd8ed1ab_0
  - argon2-cffi-bindings=25.1.0=py312h80b0991_1
  - arrow=1.4.0=pyhcf101f3_0
  - asttokens=3.0.0=pyhd8ed1ab_1
  - async-lru=2.0.5=pyh29332c3_0
  - atk-1.0=2.38.0=h4bec284_2
  - atlite=0.4.1=pyhd8ed1ab_1
  - attrs=25.4.0=pyh71513ae_0
  - aws-c-auth=0.9.1=h2e727e9_3
  - aws-c-cal=0.9.2=h6f29d6d_1
  - aws-c-common=0.12.4=h1c43f85_0
  - aws-c-compression=0.3.1=h7a4e982_6
  - aws-c-event-stream=0.5.6=hfc6d359_3
  - aws-c-http=0.10.4=h892fe1a_3
  - aws-c-io=0.22.0=h5c36c82_1
  - aws-c-mqtt=0.13.3=h04ed212_6
  - aws-c-s3=0.8.6=h19e4261_5
  - aws-c-sdkutils=0.2.4=h7a4e982_1
  - aws-checksums=0.2.7=h7a4e982_2
  - aws-crt-cpp=0.34.4=h3f46267_0
  - aws-sdk-cpp=1.11.606=hda6ec86_4
  - azure-core-cpp=1.16.0=he2a98a9_1
  - azure-identity-cpp=1.12.0=hc0a8a32_0
  - azure-storage-blobs-cpp=12.14.0=hb076ce7_1
  - azure-storage-common-cpp=12.10.0=h7ab4271_3
  - azure-storage-files-datalake-cpp=12.12.0=h8df8335_3
  - babel=2.17.0=pyhd8ed1ab_0
  - beautifulsoup4=4.14.2=pyha770c72_0
  - bleach=6.2.0=pyh29332c3_4
  - bleach-with-css=6.2.0=h82add2a_4
  - blosc=1.21.6=hd145fbb_1
  - bokeh=3.8.0=pyhd8ed1ab_0
  - bottleneck=1.6.0=py312h391ab28_1
  - branca=0.8.2=pyhd8ed1ab_0
  - brotli=1.1.0=h1c43f85_4
  - brotli-bin=1.1.0=h1c43f85_4
  - brotli-python=1.1.0=py312h462f358_4
  - brunsli=0.1=hd38a3c4_1
  - bzip2=1.0.8=h500dc9f_8
  - c-ares=1.34.5=hf13058a_0
  - c-blosc2=2.21.3=h415348b_0
  - ca-certificates=2025.10.5=hbd8a1cb_0
  - cached-property=1.5.2=hd8ed1ab_1
  - cached_property=1.5.2=pyha770c72_1
  - cairo=1.18.4=h950ec3b_0
  - cartopy=0.25.0=py312h86abcb1_1
  - cdsapi=0.7.7=pyhd8ed1ab_0
  - certifi=2025.10.5=pyhd8ed1ab_0
  - cffi=2.0.0=py312hf9bc6d9_0
  - cfgrib=0.9.15.1=pyhd8ed1ab_0
  - cfgv=3.3.1=pyhd8ed1ab_1
  - cftime=1.6.4=py312h587b97d_2
  - charls=2.4.2=he965462_0
  - charset-normalizer=3.4.4=pyhd8ed1ab_0
  - click=8.3.0=pyh707e725_0
  - click-plugins=1.1.1.2=pyhd8ed1ab_0
  - cligj=0.7.2=pyhd8ed1ab_2
  - cloudpickle=3.1.1=pyhd8ed1ab_0
  - colorama=0.4.6=pyhd8ed1ab_1
  - colorcet=3.1.0=pyhd8ed1ab_1
  - comm=0.2.3=pyhe01879c_0
  - contourpy=1.3.3=py312hedd4973_2
  - country_converter=1.3.2=pyhd8ed1ab_0
  - cpython=3.12.12=py312hd8ed1ab_0
  - cycler=0.12.1=pyhd8ed1ab_1
  - cytoolz=1.1.0=py312h80b0991_1
  - dask=2025.10.0=pyhcf101f3_0
  - dask-core=2025.10.0=pyhcf101f3_0
  - datashader=0.18.2=pyhd8ed1ab_0
  - dav1d=1.2.1=h0dc2134_0
  - debugpy=1.8.17=py312hbfd3414_0
  - decorator=5.2.1=pyhd8ed1ab_0
  - defusedxml=0.7.1=pyhd8ed1ab_0
  - deprecation=2.1.0=pyh9f0ad1d_0
  - distlib=0.4.0=pyhd8ed1ab_0
  - distributed=2025.10.0=pyhcf101f3_0
  - docutils=0.21.2=pyhd8ed1ab_1
  - eccodes=2.44.0=h163e534_0
  - ecmwf-datastores-client=0.4.0=pyhd8ed1ab_0
  - entsoe-py=0.7.8=pyhd8ed1ab_0
  - epoxy=1.5.10=h8616949_2
  - et_xmlfile=2.0.0=pyhd8ed1ab_1
  - exceptiongroup=1.3.0=pyhd8ed1ab_0
  - executing=2.2.1=pyhd8ed1ab_0
  - filelock=3.20.0=pyhd8ed1ab_0
  - findlibs=0.1.2=pyhd8ed1ab_0
  - folium=0.20.0=pyhd8ed1ab_0
  - font-ttf-dejavu-sans-mono=2.37=hab24e00_0
  - font-ttf-inconsolata=3.000=h77eed37_0
  - font-ttf-source-code-pro=2.038=h77eed37_0
  - font-ttf-ubuntu=0.83=h77eed37_3
  - fontconfig=2.15.0=h37eeddb_1
  - fonts-conda-ecosystem=1=0
  - fonts-conda-forge=1=0
  - fonttools=4.60.1=py312hacf3034_0
  - fqdn=1.5.1=pyhd8ed1ab_1
  - freetype=2.14.1=h694c41f_0
  - freexl=2.0.0=h3183152_2
  - fribidi=1.0.16=h8616949_0
  - fsspec=2025.9.0=pyhd8ed1ab_0
  - gdk-pixbuf=2.44.4=h07555a4_0
  - geographiclib=2.1=pyhd8ed1ab_0
  - geojson=3.2.0=pyhd8ed1ab_0
  - geopandas=1.1.1=pyhd8ed1ab_1
  - geopandas-base=1.1.1=pyha770c72_1
  - geopy=2.4.1=pyhd8ed1ab_2
  - geos=3.14.0=h2e180c7_0
  - geotiff=1.7.4=h6952e58_4
  - geoviews=1.14.1=hd8ed1ab_0
  - geoviews-core=1.14.1=pyha770c72_0
  - gflags=2.2.2=hac325c4_1005
  - ghp-import=2.1.0=pyhd8ed1ab_2
  - giflib=5.2.2=h10d778d_0
  - glib-tools=2.86.0=h8650975_0
  - glog=0.7.1=h2790a97_0
  - graphite2=1.3.14=h21dd04a_2
  - graphviz=13.1.2=h42bfd48_0
  - greenlet=3.2.4=py312h462f358_1
  - gtk3=3.24.43=h82a860e_4
  - gts=0.7.6=h53e17e3_4
  - h11=0.16.0=pyhd8ed1ab_0
  - h2=4.3.0=pyhcf101f3_0
  - h5netcdf=1.7.3=pyhd8ed1ab_0
  - h5py=3.15.1=nompi_py312hcf08926_100
  - harfbuzz=12.1.0=hc5d3ef4_0
  - hdf4=4.2.15=h8138101_7
  - hdf5=1.14.6=nompi_hc8237f9_103
  - hicolor-icon-theme=0.17=h694c41f_2
  - holoviews=1.21.0=pyhd8ed1ab_0
  - hpack=4.1.0=pyhd8ed1ab_0
  - httpcore=1.0.9=pyh29332c3_0
  - httpx=0.28.1=pyhd8ed1ab_0
  - hvplot=0.12.1=pyhd8ed1ab_0
  - hyperframe=6.1.0=pyhd8ed1ab_0
  - icu=75.1=h120a0e1_0
  - identify=2.6.15=pyhd8ed1ab_0
  - idna=3.11=pyhd8ed1ab_0
  - imagecodecs=2025.8.2=py312h397641d_4
  - imageio=2.37.0=pyhfb79c49_0
  - imagesize=1.4.1=pyhd8ed1ab_0
  - importlib-metadata=8.7.0=pyhe01879c_1
  - iniconfig=2.3.0=pyhd8ed1ab_0
  - ipykernel=7.0.1=pyh5552912_0
  - ipython=9.6.0=pyhfa0c392_0
  - ipython_pygments_lexers=1.1.1=pyhd8ed1ab_0
  - isoduration=20.11.0=pyhd8ed1ab_1
  - jasper=4.2.8=h9ce442b_0
  - jedi=0.19.2=pyhd8ed1ab_1
  - jinja2=3.1.6=pyhd8ed1ab_0
  - joblib=1.5.2=pyhd8ed1ab_0
  - json-c=0.18=hc62ec3d_0
  - json5=0.12.1=pyhd8ed1ab_0
  - jsonpointer=3.0.0=py312hb401068_2
  - jsonschema=4.25.1=pyhe01879c_0
  - jsonschema-specifications=2025.9.1=pyhcf101f3_0
  - jsonschema-with-format-nongpl=4.25.1=he01879c_0
  - jupyter-book=1.0.4.post1=pyh29332c3_0
  - jupyter-cache=1.0.1=pyhff2d567_0
  - jupyter-lsp=2.3.0=pyhcf101f3_0
  - jupyter_client=8.6.3=pyhd8ed1ab_1
  - jupyter_core=5.9.1=pyhc90fa1f_0
  - jupyter_events=0.12.0=pyh29332c3_0
  - jupyter_server=2.17.0=pyhcf101f3_0
  - jupyter_server_terminals=0.5.3=pyhd8ed1ab_1
  - jupyterlab=4.4.10=pyhd8ed1ab_0
  - jupyterlab_pygments=0.3.0=pyhd8ed1ab_2
  - jupyterlab_server=2.28.0=pyhcf101f3_0
  - jxrlib=1.1=h10d778d_3
  - kiwisolver=1.4.9=py312hef387a8_1
  - krb5=1.21.3=h37d8d59_0
  - lark=1.3.0=pyhd8ed1ab_0
  - latexcodec=2.0.1=pyh9f0ad1d_0
  - lazy-loader=0.4=pyhd8ed1ab_2
  - lcms2=2.17=h72f5680_0
  - lerc=4.0.0=hcca01a6_1
  - libabseil=20250512.1=cxx17_hfc00f1c_0
  - libaec=1.1.4=ha6bc127_0
  - libarchive=3.8.2=gpl_h889603c_100
  - libarrow=21.0.0=h3202d62_8_cpu
  - libarrow-acero=21.0.0=h2db2d7d_8_cpu
  - libarrow-compute=21.0.0=h7751554_8_cpu
  - libarrow-dataset=21.0.0=h2db2d7d_8_cpu
  - libarrow-substrait=21.0.0=h4653b8a_8_cpu
  - libavif16=1.3.0=h1c10324_2
  - libblas=3.9.0=37_he492b99_openblas
  - libbrotlicommon=1.1.0=h1c43f85_4
  - libbrotlidec=1.1.0=h1c43f85_4
  - libbrotlienc=1.1.0=h1c43f85_4
  - libcblas=3.9.0=37_h9b27e0a_openblas
  - libcrc32c=1.1.2=he49afe7_0
  - libcurl=8.16.0=h7dd4100_0
  - libcxx=21.1.4=h3d58e20_0
  - libdeflate=1.24=hcc1b750_0
  - libedit=3.1.20250104=pl5321ha958ccf_0
  - libev=4.33=h10d778d_2
  - libevent=2.1.12=ha90c15b_1
  - libexpat=2.7.1=h21dd04a_0
  - libffi=3.4.6=h281671d_1
  - libfreetype=2.14.1=h694c41f_0
  - libfreetype6=2.14.1=h6912278_0
  - libgd=2.3.3=h8555400_11
  - libgdal-core=3.10.3=h400ff9d_22
  - libgdal-hdf4=3.10.3=h0c59102_22
  - libgdal-hdf5=3.10.3=ha7247fd_22
  - libgdal-netcdf=3.10.3=hee41eee_22
  - libgfortran=15.2.0=h306097a_1
  - libgfortran5=15.2.0=h336fb69_1
  - libglib=2.86.0=h7cafd41_0
  - libgoogle-cloud=2.39.0=hed66dea_0
  - libgoogle-cloud-storage=2.39.0=h8ac052b_0
  - libgrpc=1.73.1=h451496d_1
  - libhwy=1.3.0=hab838a1_1
  - libiconv=1.18=h57a12c2_2
  - libintl=0.25.1=h3184127_1
  - libjpeg-turbo=3.1.0=h6e16a3a_0
  - libjxl=0.11.1=h3eb2fc3_4
  - libkml=1.3.0=h450b6c2_1022
  - liblapack=3.9.0=37_h859234e_openblas
  - liblzma=5.8.1=hd471939_2
  - libnetcdf=4.9.3=nompi_habf9e57_103
  - libnghttp2=1.67.0=h3338091_0
  - libopenblas=0.3.30=openmp_h6006d49_2
  - libopentelemetry-cpp=1.21.0=h7d3f41d_1
  - libopentelemetry-cpp-headers=1.21.0=h694c41f_1
  - libparquet=21.0.0=ha67a804_8_cpu
  - libpng=1.6.50=h84aeda2_1
  - libprotobuf=6.31.1=h03562ea_2
  - libre2-11=2025.08.12=h554ac88_1
  - librsvg=2.60.0=h2da6fc3_0
  - librttopo=1.1.0=hbca5a39_19
  - libsodium=1.0.20=hfdf4475_0
  - libspatialite=5.1.0=gpl_hc86ce5f_118
  - libsqlite=3.50.4=h39a8b3b_0
  - libssh2=1.11.1=hed3591d_0
  - libthrift=0.22.0=h687e942_1
  - libtiff=4.7.1=haa3b502_0
  - libutf8proc=2.11.0=h64b4c5c_0
  - libwebp-base=1.6.0=hb807250_0
  - libxcb=1.17.0=hf1f96e2_0
  - libxml2=2.15.1=h7b7ecba_0
  - libxml2-16=2.15.1=ha1d9b0f_0
  - libxml2-devel=2.15.1=h7b7ecba_0
  - libxslt=1.1.43=h486b42e_1
  - libzip=1.11.2=h31df5bb_0
  - libzlib=1.3.1=hd23fc13_2
  - libzopfli=1.0.3=h046ec9c_0
  - linkify-it-py=2.0.3=pyhd8ed1ab_1
  - llvm-openmp=21.1.4=h472b3d1_0
  - llvmlite=0.45.1=py312h331d821_0
  - locket=1.0.0=pyhd8ed1ab_0
  - looseversion=1.3.0=pyhd8ed1ab_0
  - lxml=6.0.2=py312hd94307c_1
  - lz4=4.4.4=py312he31b9f6_1
  - lz4-c=1.10.0=h240833e_1
  - lzo=2.10=h4132b18_1002
  - mapclassify=2.10.0=pyhd8ed1ab_1
  - markdown=3.9=pyhd8ed1ab_0
  - markdown-it-py=3.0.0=pyhd8ed1ab_1
  - markupsafe=3.0.3=py312hacf3034_0
  - matplotlib=3.10.7=py312hb401068_0
  - matplotlib-base=3.10.7=py312h7894933_0
  - matplotlib-inline=0.1.7=pyhd8ed1ab_1
  - mdit-py-plugins=0.5.0=pyhd8ed1ab_0
  - mdurl=0.1.2=pyhd8ed1ab_1
  - minizip=4.0.10=hfb7a1ec_0
  - mistune=3.1.4=pyhcf101f3_0
  - msgpack-python=1.1.2=py312hd099df3_0
  - multipledispatch=0.6.0=pyhd8ed1ab_1
  - multiurl=0.3.7=pyhd8ed1ab_0
  - munkres=1.1.4=pyhd8ed1ab_1
  - myst-nb=1.3.0=pyhe01879c_0
  - myst-parser=3.0.1=pyhd8ed1ab_0
  - narwhals=2.9.0=pyhcf101f3_0
  - nbclient=0.10.2=pyhd8ed1ab_0
  - nbconvert-core=7.16.6=pyhcf101f3_1
  - nbformat=5.10.4=pyhd8ed1ab_1
  - ncurses=6.5=h0622a9a_3
  - nest-asyncio=1.6.0=pyhd8ed1ab_1
  - netcdf4=1.7.3=nompi_py312hab8b850_100
  - networkx=3.5=pyhe01879c_0
  - nlohmann_json=3.12.0=h53ec75d_1
  - nodeenv=1.9.1=pyhd8ed1ab_1
  - notebook-shim=0.2.4=pyhd8ed1ab_1
  - numba=0.62.1=py312hae945ca_0
  - numexpr=2.14.1=py312hd12f69b_0
  - numpy=2.3.3=py312ha3982b3_0
  - openjdk=24.0.2=h2d74430_0
  - openjpeg=2.5.4=h87e8dc5_0
  - openpyxl=3.1.5=py312hc14bf67_2
  - openssl=3.5.4=h230baf5_0
  - orc=2.2.1=hd1b02dc_0
  - overrides=7.7.0=pyhd8ed1ab_1
  - packaging=25.0=pyh29332c3_1
  - pandas=2.3.3=py312h86abcb1_1
  - pandocfilters=1.5.0=pyhd8ed1ab_0
  - panel=1.8.2=pyhd8ed1ab_0
  - pango=1.56.4=h6ef8af8_0
  - param=2.2.1=pyhd8ed1ab_0
  - parso=0.8.5=pyhcf101f3_0
  - partd=1.4.2=pyhd8ed1ab_0
  - patsy=1.0.2=pyhcf101f3_0
  - pcre2=10.46=ha3e7e28_0
  - pexpect=4.9.0=pyhd8ed1ab_1
  - pickleshare=0.7.5=pyhd8ed1ab_1004
  - pillow=11.3.0=py312h051e184_3
  - pip=25.2=pyh8b19718_0
  - pixman=0.46.4=ha059160_1
  - platformdirs=4.5.0=pyhcf101f3_0
  - plotly=6.3.1=pyhd8ed1ab_0
  - pluggy=1.6.0=pyhd8ed1ab_0
  - ply=3.11=pyhd8ed1ab_3
  - powerplantmatching=0.7.1=pyhd8ed1ab_0
  - pre-commit=4.3.0=pyha770c72_0
  - progressbar2=4.5.0=pyhd8ed1ab_1
  - proj=9.7.0=h3124640_0
  - prometheus-cpp=1.3.0=h7802330_0
  - prometheus_client=0.23.1=pyhd8ed1ab_0
  - prompt-toolkit=3.0.52=pyha770c72_0
  - psutil=7.1.1=py312h80b0991_0
  - pthread-stubs=0.4=h00291cd_1002
  - ptyprocess=0.7.0=pyhd8ed1ab_1
  - pure_eval=0.2.3=pyhd8ed1ab_1
  - py-cpuinfo=9.0.0=pyhd8ed1ab_1
  - pyarrow=21.0.0=py312hb401068_1
  - pyarrow-core=21.0.0=py312hefc66a4_1_cpu
  - pybtex=0.25.1=pyhd8ed1ab_0
  - pybtex-docutils=1.0.3=py312hb401068_3
  - pycountry=24.6.1=pyhd8ed1ab_0
  - pycparser=2.22=pyh29332c3_1
  - pyct=0.6.0=pyhd8ed1ab_0
  - pydata-sphinx-theme=0.15.4=pyhd8ed1ab_0
  - pyepsg=0.4.0=pyhd8ed1ab_1
  - pygments=2.19.2=pyhd8ed1ab_0
  - pyobjc-core=12.0=py312he280c8a_0
  - pyobjc-framework-cocoa=12.0=py312h46f5710_0
  - pyogrio=0.11.0=py312h4bcfd6b_0
  - pyomo=6.9.5=py312h69bf00f_0
  - pyparsing=3.2.5=pyhcf101f3_0
  - pyproj=3.7.2=py312hfea2d77_2
  - pysheds=0.5=py312h587b97d_2
  - pyshp=3.0.2=pyhd8ed1ab_0
  - pysocks=1.7.1=pyha55dd90_7
  - pytables=3.10.2=py312he4c742b_9
  - pytest=8.4.2=pyhd8ed1ab_0
  - python=3.12.12=h3999593_0_cpython
  - python-dateutil=2.9.0.post0=pyhe01879c_2
  - python-eccodes=2.44.0=py312h391ab28_1
  - python-fastjsonschema=2.21.2=pyhe01879c_0
  - python-gil=3.12.12=hd8ed1ab_0
  - python-json-logger=2.0.7=pyhd8ed1ab_0
  - python-tzdata=2025.2=pyhd8ed1ab_0
  - python-utils=3.9.1=pyhff2d567_1
  - python_abi=3.12=8_cp312
  - pytz=2025.2=pyhd8ed1ab_0
  - pyviz_comms=3.0.6=pyhd8ed1ab_0
  - pywavelets=1.9.0=py312h587b97d_1
  - pyxlsb=1.0.10=pyhd8ed1ab_0
  - pyyaml=6.0.3=py312hacf3034_0
  - pyzmq=27.1.0=py312hb7d603e_0
  - qhull=2020.2=h3c5361c_5
  - rasterio=1.4.3=py312hd11fb3f_3
  - rav1e=0.7.1=h371c88c_3
  - re2=2025.08.12=h7df6414_1
  - readline=8.2=h7cca4af_2
  - referencing=0.37.0=pyhcf101f3_0
  - requests=2.32.5=pyhd8ed1ab_0
  - rfc3339-validator=0.1.4=pyhd8ed1ab_1
  - rfc3986-validator=0.1.1=pyh9f0ad1d_0
  - rfc3987-syntax=1.1.0=pyhe01879c_1
  - rpds-py=0.27.1=py312h00ff6fd_1
  - scikit-image=0.25.2=py312h86abcb1_2
  - scikit-learn=1.7.2=py312hfee4f84_0
  - scipy=1.16.2=py312he2acf2f_0
  - seaborn=0.13.2=hd8ed1ab_3
  - seaborn-base=0.13.2=pyhd8ed1ab_3
  - send2trash=1.8.3=pyh31c8845_1
  - setuptools=80.9.0=pyhff2d567_0
  - setuptools-scm=9.2.2=pyhd8ed1ab_0
  - setuptools_scm=9.2.2=hd8ed1ab_0
  - shapely=2.1.2=py312hf2d6a72_0
  - six=1.17.0=pyhe01879c_1
  - snappy=1.2.2=h25c286d_0
  - sniffio=1.3.1=pyhd8ed1ab_1
  - snowballstemmer=3.0.1=pyhd8ed1ab_0
  - snuggs=1.4.7=pyhd8ed1ab_2
  - sortedcontainers=2.4.0=pyhd8ed1ab_1
  - soupsieve=2.8=pyhd8ed1ab_0
  - sphinx=7.4.7=pyhd8ed1ab_0
  - sphinx-book-theme=1.1.4=pyh29332c3_0
  - sphinx-comments=0.0.3=pyhd8ed1ab_1
  - sphinx-copybutton=0.5.2=pyhd8ed1ab_1
  - sphinx-design=0.6.1=pyhd8ed1ab_2
  - sphinx-external-toc=1.0.1=pyhd8ed1ab_1
  - sphinx-jupyterbook-latex=1.0.0=pyhd8ed1ab_1
  - sphinx-multitoc-numbering=0.1.3=pyhd8ed1ab_1
  - sphinx-thebe=0.3.1=pyhd8ed1ab_1
  - sphinx-togglebutton=0.3.2=pyhd8ed1ab_0
  - sphinxcontrib-applehelp=2.0.0=pyhd8ed1ab_1
  - sphinxcontrib-bibtex=2.6.5=pyhd8ed1ab_0
  - sphinxcontrib-devhelp=2.0.0=pyhd8ed1ab_1
  - sphinxcontrib-htmlhelp=2.1.0=pyhd8ed1ab_1
  - sphinxcontrib-jsmath=1.0.1=pyhd8ed1ab_1
  - sphinxcontrib-qthelp=2.0.0=pyhd8ed1ab_1
  - sphinxcontrib-serializinghtml=1.1.10=pyhd8ed1ab_1
  - sqlalchemy=2.0.44=py312h80b0991_0
  - sqlite=3.50.4=h64b5abc_0
  - stack_data=0.6.3=pyhd8ed1ab_1
  - statsmodels=0.14.5=py312h391ab28_1
  - svt-av1=3.1.2=h21dd04a_0
  - tabula-py=2.7.0=py312hb401068_1
  - tabulate=0.9.0=pyhd8ed1ab_2
  - tblib=3.1.0=pyhd8ed1ab_0
  - terminado=0.18.1=pyh31c8845_0
  - threadpoolctl=3.6.0=pyhecae5ae_0
  - tifffile=2025.10.16=pyhd8ed1ab_0
  - tinycss2=1.4.0=pyhd8ed1ab_0
  - tk=8.6.13=hf689a15_2
  - tomli=2.3.0=pyhcf101f3_0
  - toolz=1.1.0=pyhd8ed1ab_1
  - tornado=6.5.2=py312h2f459f6_1
  - tqdm=4.67.1=pyhd8ed1ab_1
  - traitlets=5.14.3=pyhd8ed1ab_1
  - typing-extensions=4.15.0=h396c80c_0
  - typing_extensions=4.15.0=pyhcf101f3_0
  - typing_utils=0.1.0=pyhd8ed1ab_1
  - tzdata=2025b=h78e105d_0
  - uc-micro-py=1.0.3=pyhd8ed1ab_1
  - ukkonen=1.0.1=py312hc5c4d5f_5
  - unicodedata2=16.0.0=py312h2f459f6_1
  - unidecode=1.3.8=pyh29332c3_1
  - uri-template=1.3.0=pyhd8ed1ab_1
  - uriparser=0.9.8=h6aefe2f_0
  - urllib3=2.5.0=pyhd8ed1ab_0
  - virtualenv=20.35.3=pyhd8ed1ab_0
  - wcwidth=0.2.14=pyhd8ed1ab_0
  - webcolors=24.11.1=pyhd8ed1ab_0
  - webencodings=0.5.1=pyhd8ed1ab_3
  - websocket-client=1.9.0=pyhd8ed1ab_0
  - wheel=0.45.1=pyhd8ed1ab_1
  - xarray=2025.10.1=pyhd8ed1ab_0
  - xerces-c=3.2.5=h197e74d_2
  - xlrd=2.0.2=pyhd8ed1ab_0
  - xorg-libxau=1.0.12=h6e16a3a_0
  - xorg-libxdmcp=1.1.5=h00291cd_0
  - xyzservices=2025.4.0=pyhd8ed1ab_0
  - yaml=0.2.5=h4132b18_3
  - zeromq=4.3.5=h6c33b1e_9
  - zfp=1.0.1=h326e263_3
  - zict=3.0.0=pyhd8ed1ab_1
  - zipp=3.23.0=pyhd8ed1ab_0
  - zlib=1.3.1=hd23fc13_2
  - zlib-ng=2.2.5=he7f0fdc_0
  - zstandard=0.25.0=py312h01f6755_0
  - zstd=1.5.7=h8210216_2
  - pip:
      - cachetools == 6.2.1 --hash=sha256:09868944b6dde876dfd44e1d47e18484541eaf12f26f29b7af91b26cc892d701
      - google-api-core == 2.26.0 --hash=sha256:2b204bd0da2c81f918e3582c48458e24c11771f987f6258e6e227212af78f3ed
      - google-auth == 2.41.1 --hash=sha256:754843be95575b9a19c604a848a41be03f7f2afd8c019f716dc1f51ee41c639d
      - google-cloud-core == 2.4.3 --hash=sha256:5130f9f4c14b4fafdff75c79448f9495cfade0d8775facf1b09c3bf67e027f6e
      - google-cloud-storage == 3.4.1 --hash=sha256:972764cc0392aa097be8f49a5354e22eb47c3f62370067fb1571ffff4a1c1189
      - google-crc32c == 1.7.1 --hash=sha256:22beacf83baaf59f9d3ab2bbb4db0fb018da8e5aebdce07ef9f09fce8220285e
      - google-resumable-media == 2.7.2 --hash=sha256:3ce7551e9fe6d99e9a126101d2536612bb73486721951e9562fee0f90c6ababa
      - googleapis-common-protos == 1.71.0 --hash=sha256:59034a1d849dc4d18971997a72ac56246570afdd17f9369a0ff68218d50ab78c
      - highspy == 1.11.0 --hash=sha256:28fffd3e733833a7b2569df6761088046e8aca868ab328828711dbe15b102ad4
      - levenshtein == 0.27.1 --hash=sha256:25fb540d8c55d1dc7bdc59b7de518ea5ed9df92eb2077e74bcb9bb6de7b06f69
      - linopy == 0.5.7 --hash=sha256:ec2d426598aafd5e3a970c2129eaa525a93c789dd8330fd1e5daeedbe5aee322
      - polars == 1.34.0 --hash=sha256:40d2f357b4d9e447ad28bd2c9923e4318791a7c18eb68f31f1fbf11180f41391
      - polars-runtime-32 == 1.34.0 --hash=sha256:2878f9951e91121afe60c25433ef270b9a221e6ebf3de5f6642346b38cab3f03
      - proto-plus == 1.26.1 --hash=sha256:13285478c2dcf2abb829db158e1047e2f1e8d63a077d94263c2b88b043c75a66
      - protobuf == 6.33.0 --hash=sha256:905b07a65f1a4b72412314082c7dbfae91a9e8b68a0cc1577515f8df58ecf455
      - pyasn1 == 0.6.1 --hash=sha256:0d632f46f2ba09143da3a8afe9e33fb6f92fa2320ab7e886e2d0f7672af84629
      - pyasn1-modules == 0.4.2 --hash=sha256:29253a9207ce32b64c3ac6600edc75368f98473906e8fd1043bd6b5b1de2c14a
      - pydeck == 0.9.1 --hash=sha256:b3f75ba0d273fc917094fa61224f3f6076ca8752b93d46faf3bcfd9f9d59b038
      - pypsa == 1.0.1 --hash=sha256:ef9514b4880ba84082c3bdf6cc2685bf589661b221beed5328d89036b8c38066
      - rapidfuzz == 3.14.1 --hash=sha256:809515194f628004aac1b1b280c3734c5ea0ccbd45938c9c9656a23ae8b8f553
      - rsa == 4.9.1 --hash=sha256:68635866661c6836b8d39430f97a996acbd61bfa49406748ea243539fe239762
      - shapely == 2.0.7 --hash=sha256:4c2b9859424facbafa54f4a19b625a752ff958ab49e01bc695f254f7db1835fa
      - validators == 0.35.0 --hash=sha256:e8c947097eae7892cb3d26868d637f79f47b4a0554bc6b80065dfe5aac3705dd
      - xarray == 2025.9.0 --hash=sha256:79f0e25fb39571f612526ee998ee5404d8725a1db3951aabffdb287388885df0
